// !$*UTF8*$!
{
	archiveVersion = 1;
	classes = {
	};
	objectVersion = 56;
	objects = {

/* Begin PBXBuildFile section */
		E58E03DF2C067599007FBF4B /* AppDelegate.swift in Sources */ = {isa = PBXBuildFile; fileRef = E58E03DE2C067599007FBF4B /* AppDelegate.swift */; };
		E58E03E12C067599007FBF4B /* SceneDelegate.swift in Sources */ = {isa = PBXBuildFile; fileRef = E58E03E02C067599007FBF4B /* SceneDelegate.swift */; };
		E58E03E32C067599007FBF4B /* HomeViewController.swift in Sources */ = {isa = PBXBuildFile; fileRef = E58E03E22C067599007FBF4B /* HomeViewController.swift */; };
		E58E03E82C06759A007FBF4B /* Assets.xcassets in Resources */ = {isa = PBXBuildFile; fileRef = E58E03E72C06759A007FBF4B /* Assets.xcassets */; };
		E58E03EB2C06759A007FBF4B /* Base in Resources */ = {isa = PBXBuildFile; fileRef = E58E03EA2C06759A007FBF4B /* Base */; };
		E58E03F92C067D0B007FBF4B /* TabBarViewController.swift in Sources */ = {isa = PBXBuildFile; fileRef = E58E03F82C067D0B007FBF4B /* TabBarViewController.swift */; };
		E58E03FB2C067D2C007FBF4B /* SearchViewController.swift in Sources */ = {isa = PBXBuildFile; fileRef = E58E03FA2C067D2C007FBF4B /* SearchViewController.swift */; };
		E58E03FD2C067D38007FBF4B /* LibraryViewController.swift in Sources */ = {isa = PBXBuildFile; fileRef = E58E03FC2C067D38007FBF4B /* LibraryViewController.swift */; };
		E58E04022C067D61007FBF4B /* AuthViewController.swift in Sources */ = {isa = PBXBuildFile; fileRef = E58E04012C067D61007FBF4B /* AuthViewController.swift */; };
		E58E04042C067D6A007FBF4B /* WelcomeViewController.swift in Sources */ = {isa = PBXBuildFile; fileRef = E58E04032C067D6A007FBF4B /* WelcomeViewController.swift */; };
		E58E04062C067D78007FBF4B /* SettingsViewController.swift in Sources */ = {isa = PBXBuildFile; fileRef = E58E04052C067D78007FBF4B /* SettingsViewController.swift */; };
		E58E04082C067D85007FBF4B /* ProfileViewController.swift in Sources */ = {isa = PBXBuildFile; fileRef = E58E04072C067D85007FBF4B /* ProfileViewController.swift */; };
		E58E040A2C067D94007FBF4B /* PlayerViewController.swift in Sources */ = {isa = PBXBuildFile; fileRef = E58E04092C067D94007FBF4B /* PlayerViewController.swift */; };
		E58E040C2C067D9D007FBF4B /* PlaylistViewController.swift in Sources */ = {isa = PBXBuildFile; fileRef = E58E040B2C067D9D007FBF4B /* PlaylistViewController.swift */; };
		E58E040E2C067DAF007FBF4B /* SearchResultsViewController.swift in Sources */ = {isa = PBXBuildFile; fileRef = E58E040D2C067DAF007FBF4B /* SearchResultsViewController.swift */; };
		E58E04102C067DD0007FBF4B /* AuthManager.swift in Sources */ = {isa = PBXBuildFile; fileRef = E58E040F2C067DD0007FBF4B /* AuthManager.swift */; };
		E58E04122C067DEF007FBF4B /* APICaller.swift in Sources */ = {isa = PBXBuildFile; fileRef = E58E04112C067DEF007FBF4B /* APICaller.swift */; };
		E58E04142C067DFE007FBF4B /* HapticsManager.swift in Sources */ = {isa = PBXBuildFile; fileRef = E58E04132C067DFE007FBF4B /* HapticsManager.swift */; };
		E58E04162C067E16007FBF4B /* Playlist.swift in Sources */ = {isa = PBXBuildFile; fileRef = E58E04152C067E16007FBF4B /* Playlist.swift */; };
		E58E04182C067E26007FBF4B /* AudioTrack.swift in Sources */ = {isa = PBXBuildFile; fileRef = E58E04172C067E26007FBF4B /* AudioTrack.swift */; };
		E58E041A2C067E2D007FBF4B /* Artist.swift in Sources */ = {isa = PBXBuildFile; fileRef = E58E04192C067E2D007FBF4B /* Artist.swift */; };
		E58E041C2C067E38007FBF4B /* UserProfile.swift in Sources */ = {isa = PBXBuildFile; fileRef = E58E041B2C067E38007FBF4B /* UserProfile.swift */; };
/* End PBXBuildFile section */

/* Begin PBXFileReference section */
		E58E03DB2C067599007FBF4B /* Spotify.app */ = {isa = PBXFileReference; explicitFileType = wrapper.application; includeInIndex = 0; path = Spotify.app; sourceTree = BUILT_PRODUCTS_DIR; };
		E58E03DE2C067599007FBF4B /* AppDelegate.swift */ = {isa = PBXFileReference; lastKnownFileType = sourcecode.swift; path = AppDelegate.swift; sourceTree = "<group>"; };
		E58E03E02C067599007FBF4B /* SceneDelegate.swift */ = {isa = PBXFileReference; lastKnownFileType = sourcecode.swift; path = SceneDelegate.swift; sourceTree = "<group>"; };
		E58E03E22C067599007FBF4B /* HomeViewController.swift */ = {isa = PBXFileReference; lastKnownFileType = sourcecode.swift; path = HomeViewController.swift; sourceTree = "<group>"; };
		E58E03E72C06759A007FBF4B /* Assets.xcassets */ = {isa = PBXFileReference; lastKnownFileType = folder.assetcatalog; path = Assets.xcassets; sourceTree = "<group>"; };
		E58E03EA2C06759A007FBF4B /* Base */ = {isa = PBXFileReference; lastKnownFileType = file.storyboard; name = Base; path = Base.lproj/LaunchScreen.storyboard; sourceTree = "<group>"; };
		E58E03EC2C06759A007FBF4B /* Info.plist */ = {isa = PBXFileReference; lastKnownFileType = text.plist.xml; path = Info.plist; sourceTree = "<group>"; };
		E58E03F82C067D0B007FBF4B /* TabBarViewController.swift */ = {isa = PBXFileReference; lastKnownFileType = sourcecode.swift; path = TabBarViewController.swift; sourceTree = "<group>"; };
		E58E03FA2C067D2C007FBF4B /* SearchViewController.swift */ = {isa = PBXFileReference; lastKnownFileType = sourcecode.swift; path = SearchViewController.swift; sourceTree = "<group>"; };
		E58E03FC2C067D38007FBF4B /* LibraryViewController.swift */ = {isa = PBXFileReference; lastKnownFileType = sourcecode.swift; path = LibraryViewController.swift; sourceTree = "<group>"; };
		E58E04012C067D61007FBF4B /* AuthViewController.swift */ = {isa = PBXFileReference; lastKnownFileType = sourcecode.swift; path = AuthViewController.swift; sourceTree = "<group>"; };
		E58E04032C067D6A007FBF4B /* WelcomeViewController.swift */ = {isa = PBXFileReference; lastKnownFileType = sourcecode.swift; path = WelcomeViewController.swift; sourceTree = "<group>"; };
		E58E04052C067D78007FBF4B /* SettingsViewController.swift */ = {isa = PBXFileReference; lastKnownFileType = sourcecode.swift; path = SettingsViewController.swift; sourceTree = "<group>"; };
		E58E04072C067D85007FBF4B /* ProfileViewController.swift */ = {isa = PBXFileReference; lastKnownFileType = sourcecode.swift; path = ProfileViewController.swift; sourceTree = "<group>"; };
		E58E04092C067D94007FBF4B /* PlayerViewController.swift */ = {isa = PBXFileReference; lastKnownFileType = sourcecode.swift; path = PlayerViewController.swift; sourceTree = "<group>"; };
		E58E040B2C067D9D007FBF4B /* PlaylistViewController.swift */ = {isa = PBXFileReference; lastKnownFileType = sourcecode.swift; path = PlaylistViewController.swift; sourceTree = "<group>"; };
		E58E040D2C067DAF007FBF4B /* SearchResultsViewController.swift */ = {isa = PBXFileReference; lastKnownFileType = sourcecode.swift; path = SearchResultsViewController.swift; sourceTree = "<group>"; };
		E58E040F2C067DD0007FBF4B /* AuthManager.swift */ = {isa = PBXFileReference; lastKnownFileType = sourcecode.swift; path = AuthManager.swift; sourceTree = "<group>"; };
		E58E04112C067DEF007FBF4B /* APICaller.swift */ = {isa = PBXFileReference; lastKnownFileType = sourcecode.swift; path = APICaller.swift; sourceTree = "<group>"; };
		E58E04132C067DFE007FBF4B /* HapticsManager.swift */ = {isa = PBXFileReference; lastKnownFileType = sourcecode.swift; path = HapticsManager.swift; sourceTree = "<group>"; };
		E58E04152C067E16007FBF4B /* Playlist.swift */ = {isa = PBXFileReference; lastKnownFileType = sourcecode.swift; path = Playlist.swift; sourceTree = "<group>"; };
		E58E04172C067E26007FBF4B /* AudioTrack.swift */ = {isa = PBXFileReference; lastKnownFileType = sourcecode.swift; path = AudioTrack.swift; sourceTree = "<group>"; };
		E58E04192C067E2D007FBF4B /* Artist.swift */ = {isa = PBXFileReference; lastKnownFileType = sourcecode.swift; path = Artist.swift; sourceTree = "<group>"; };
		E58E041B2C067E38007FBF4B /* UserProfile.swift */ = {isa = PBXFileReference; lastKnownFileType = sourcecode.swift; path = UserProfile.swift; sourceTree = "<group>"; };
/* End PBXFileReference section */

/* Begin PBXFrameworksBuildPhase section */
		E58E03D82C067599007FBF4B /* Frameworks */ = {
			isa = PBXFrameworksBuildPhase;
			buildActionMask = 2147483647;
			files = (
			);
			runOnlyForDeploymentPostprocessing = 0;
		};
/* End PBXFrameworksBuildPhase section */

/* Begin PBXGroup section */
		E58E03D22C067599007FBF4B = {
			isa = PBXGroup;
			children = (
				E58E03DD2C067599007FBF4B /* Spotify */,
				E58E03DC2C067599007FBF4B /* Products */,
			);
			sourceTree = "<group>";
		};
		E58E03DC2C067599007FBF4B /* Products */ = {
			isa = PBXGroup;
			children = (
				E58E03DB2C067599007FBF4B /* Spotify.app */,
			);
			name = Products;
			sourceTree = "<group>";
		};
		E58E03DD2C067599007FBF4B /* Spotify */ = {
			isa = PBXGroup;
			children = (
				E58E03F72C0675F5007FBF4B /* Resources */,
				E58E03F62C0675E2007FBF4B /* Managers */,
				E58E03F42C0675D8007FBF4B /* Models */,
				E58E03F32C0675D3007FBF4B /* Views */,
				E58E03F52C0675DD007FBF4B /* ViewModels */,
				E58E03F22C0675CC007FBF4B /* Controllers */,
				E58E03EC2C06759A007FBF4B /* Info.plist */,
			);
			path = Spotify;
			sourceTree = "<group>";
		};
		E58E03F22C0675CC007FBF4B /* Controllers */ = {
			isa = PBXGroup;
			children = (
				E58E04002C067D53007FBF4B /* Other */,
				E58E03FF2C067D4D007FBF4B /* Core */,
			);
			path = Controllers;
			sourceTree = "<group>";
		};
		E58E03F32C0675D3007FBF4B /* Views */ = {
			isa = PBXGroup;
			children = (
				E58E03E92C06759A007FBF4B /* LaunchScreen.storyboard */,
			);
			path = Views;
			sourceTree = "<group>";
		};
		E58E03F42C0675D8007FBF4B /* Models */ = {
			isa = PBXGroup;
			children = (
				E58E04152C067E16007FBF4B /* Playlist.swift */,
				E58E04172C067E26007FBF4B /* AudioTrack.swift */,
				E58E04192C067E2D007FBF4B /* Artist.swift */,
				E58E041B2C067E38007FBF4B /* UserProfile.swift */,
			);
			path = Models;
			sourceTree = "<group>";
		};
		E58E03F52C0675DD007FBF4B /* ViewModels */ = {
			isa = PBXGroup;
			children = (
			);
			path = ViewModels;
			sourceTree = "<group>";
		};
		E58E03F62C0675E2007FBF4B /* Managers */ = {
			isa = PBXGroup;
			children = (
				E58E040F2C067DD0007FBF4B /* AuthManager.swift */,
				E58E04112C067DEF007FBF4B /* APICaller.swift */,
				E58E04132C067DFE007FBF4B /* HapticsManager.swift */,
			);
			path = Managers;
			sourceTree = "<group>";
		};
		E58E03F72C0675F5007FBF4B /* Resources */ = {
			isa = PBXGroup;
			children = (
				E58E03E72C06759A007FBF4B /* Assets.xcassets */,
				E58E03DE2C067599007FBF4B /* AppDelegate.swift */,
				E58E03E02C067599007FBF4B /* SceneDelegate.swift */,
			);
			path = Resources;
			sourceTree = "<group>";
		};
		E58E03FF2C067D4D007FBF4B /* Core */ = {
			isa = PBXGroup;
			children = (
				E58E03E22C067599007FBF4B /* HomeViewController.swift */,
				E58E03F82C067D0B007FBF4B /* TabBarViewController.swift */,
				E58E03FA2C067D2C007FBF4B /* SearchViewController.swift */,
				E58E03FC2C067D38007FBF4B /* LibraryViewController.swift */,
			);
			path = Core;
			sourceTree = "<group>";
		};
		E58E04002C067D53007FBF4B /* Other */ = {
			isa = PBXGroup;
			children = (
				E58E04012C067D61007FBF4B /* AuthViewController.swift */,
				E58E04032C067D6A007FBF4B /* WelcomeViewController.swift */,
				E58E04052C067D78007FBF4B /* SettingsViewController.swift */,
				E58E04072C067D85007FBF4B /* ProfileViewController.swift */,
				E58E04092C067D94007FBF4B /* PlayerViewController.swift */,
				E58E040B2C067D9D007FBF4B /* PlaylistViewController.swift */,
				E58E040D2C067DAF007FBF4B /* SearchResultsViewController.swift */,
			);
			path = Other;
			sourceTree = "<group>";
		};
/* End PBXGroup section */

/* Begin PBXNativeTarget section */
		E58E03DA2C067599007FBF4B /* Spotify */ = {
			isa = PBXNativeTarget;
			buildConfigurationList = E58E03EF2C06759A007FBF4B /* Build configuration list for PBXNativeTarget "Spotify" */;
			buildPhases = (
				E58E03D72C067599007FBF4B /* Sources */,
				E58E03D82C067599007FBF4B /* Frameworks */,
				E58E03D92C067599007FBF4B /* Resources */,
			);
			buildRules = (
			);
			dependencies = (
			);
			name = Spotify;
			productName = Spotify;
			productReference = E58E03DB2C067599007FBF4B /* Spotify.app */;
			productType = "com.apple.product-type.application";
		};
/* End PBXNativeTarget section */

/* Begin PBXProject section */
		E58E03D32C067599007FBF4B /* Project object */ = {
			isa = PBXProject;
			attributes = {
				BuildIndependentTargetsInParallel = 1;
				LastSwiftUpdateCheck = 1540;
				LastUpgradeCheck = 1540;
				TargetAttributes = {
					E58E03DA2C067599007FBF4B = {
						CreatedOnToolsVersion = 15.4;
					};
				};
			};
			buildConfigurationList = E58E03D62C067599007FBF4B /* Build configuration list for PBXProject "Spotify" */;
			compatibilityVersion = "Xcode 14.0";
			developmentRegion = en;
			hasScannedForEncodings = 0;
			knownRegions = (
				en,
				Base,
			);
			mainGroup = E58E03D22C067599007FBF4B;
			productRefGroup = E58E03DC2C067599007FBF4B /* Products */;
			projectDirPath = "";
			projectRoot = "";
			targets = (
				E58E03DA2C067599007FBF4B /* Spotify */,
			);
		};
/* End PBXProject section */

/* Begin PBXResourcesBuildPhase section */
		E58E03D92C067599007FBF4B /* Resources */ = {
			isa = PBXResourcesBuildPhase;
			buildActionMask = 2147483647;
			files = (
				E58E03E82C06759A007FBF4B /* Assets.xcassets in Resources */,
				E58E03EB2C06759A007FBF4B /* Base in Resources */,
			);
			runOnlyForDeploymentPostprocessing = 0;
		};
/* End PBXResourcesBuildPhase section */

/* Begin PBXSourcesBuildPhase section */
		E58E03D72C067599007FBF4B /* Sources */ = {
			isa = PBXSourcesBuildPhase;
			buildActionMask = 2147483647;
			files = (
				E58E03FB2C067D2C007FBF4B /* SearchViewController.swift in Sources */,
				E58E04162C067E16007FBF4B /* Playlist.swift in Sources */,
				E58E04102C067DD0007FBF4B /* AuthManager.swift in Sources */,
				E58E04042C067D6A007FBF4B /* WelcomeViewController.swift in Sources */,
				E58E04082C067D85007FBF4B /* ProfileViewController.swift in Sources */,
				E58E03F92C067D0B007FBF4B /* TabBarViewController.swift in Sources */,
				E58E03E32C067599007FBF4B /* HomeViewController.swift in Sources */,
				E58E04142C067DFE007FBF4B /* HapticsManager.swift in Sources */,
				E58E04182C067E26007FBF4B /* AudioTrack.swift in Sources */,
				E58E04022C067D61007FBF4B /* AuthViewController.swift in Sources */,
				E58E03DF2C067599007FBF4B /* AppDelegate.swift in Sources */,
				E58E03FD2C067D38007FBF4B /* LibraryViewController.swift in Sources */,
				E58E041C2C067E38007FBF4B /* UserProfile.swift in Sources */,
				E58E040C2C067D9D007FBF4B /* PlaylistViewController.swift in Sources */,
				E58E041A2C067E2D007FBF4B /* Artist.swift in Sources */,
				E58E03E12C067599007FBF4B /* SceneDelegate.swift in Sources */,
				E58E040A2C067D94007FBF4B /* PlayerViewController.swift in Sources */,
				E58E040E2C067DAF007FBF4B /* SearchResultsViewController.swift in Sources */,
				E58E04122C067DEF007FBF4B /* APICaller.swift in Sources */,
				E58E04062C067D78007FBF4B /* SettingsViewController.swift in Sources */,
			);
			runOnlyForDeploymentPostprocessing = 0;
		};
/* End PBXSourcesBuildPhase section */

/* Begin PBXVariantGroup section */
		E58E03E92C06759A007FBF4B /* LaunchScreen.storyboard */ = {
			isa = PBXVariantGroup;
			children = (
				E58E03EA2C06759A007FBF4B /* Base */,
			);
			name = LaunchScreen.storyboard;
			sourceTree = "<group>";
		};
/* End PBXVariantGroup section */

/* Begin XCBuildConfiguration section */
		E58E03ED2C06759A007FBF4B /* Debug */ = {
			isa = XCBuildConfiguration;
			buildSettings = {
				ALWAYS_SEARCH_USER_PATHS = NO;
				ASSETCATALOG_COMPILER_GENERATE_SWIFT_ASSET_SYMBOL_EXTENSIONS = YES;
				CLANG_ANALYZER_NONNULL = YES;
				CLANG_ANALYZER_NUMBER_OBJECT_CONVERSION = YES_AGGRESSIVE;
				CLANG_CXX_LANGUAGE_STANDARD = "gnu++20";
				CLANG_ENABLE_MODULES = YES;
				CLANG_ENABLE_OBJC_ARC = YES;
				CLANG_ENABLE_OBJC_WEAK = YES;
				CLANG_WARN_BLOCK_CAPTURE_AUTORELEASING = YES;
				CLANG_WARN_BOOL_CONVERSION = YES;
				CLANG_WARN_COMMA = YES;
				CLANG_WARN_CONSTANT_CONVERSION = YES;
				CLANG_WARN_DEPRECATED_OBJC_IMPLEMENTATIONS = YES;
				CLANG_WARN_DIRECT_OBJC_ISA_USAGE = YES_ERROR;
				CLANG_WARN_DOCUMENTATION_COMMENTS = YES;
				CLANG_WARN_EMPTY_BODY = YES;
				CLANG_WARN_ENUM_CONVERSION = YES;
				CLANG_WARN_INFINITE_RECURSION = YES;
				CLANG_WARN_INT_CONVERSION = YES;
				CLANG_WARN_NON_LITERAL_NULL_CONVERSION = YES;
				CLANG_WARN_OBJC_IMPLICIT_RETAIN_SELF = YES;
				CLANG_WARN_OBJC_LITERAL_CONVERSION = YES;
				CLANG_WARN_OBJC_ROOT_CLASS = YES_ERROR;
				CLANG_WARN_QUOTED_INCLUDE_IN_FRAMEWORK_HEADER = YES;
				CLANG_WARN_RANGE_LOOP_ANALYSIS = YES;
				CLANG_WARN_STRICT_PROTOTYPES = YES;
				CLANG_WARN_SUSPICIOUS_MOVE = YES;
				CLANG_WARN_UNGUARDED_AVAILABILITY = YES_AGGRESSIVE;
				CLANG_WARN_UNREACHABLE_CODE = YES;
				CLANG_WARN__DUPLICATE_METHOD_MATCH = YES;
				COPY_PHASE_STRIP = NO;
				DEBUG_INFORMATION_FORMAT = dwarf;
				ENABLE_STRICT_OBJC_MSGSEND = YES;
				ENABLE_TESTABILITY = YES;
				ENABLE_USER_SCRIPT_SANDBOXING = YES;
				GCC_C_LANGUAGE_STANDARD = gnu17;
				GCC_DYNAMIC_NO_PIC = NO;
				GCC_NO_COMMON_BLOCKS = YES;
				GCC_OPTIMIZATION_LEVEL = 0;
				GCC_PREPROCESSOR_DEFINITIONS = (
					"DEBUG=1",
					"$(inherited)",
				);
				GCC_WARN_64_TO_32_BIT_CONVERSION = YES;
				GCC_WARN_ABOUT_RETURN_TYPE = YES_ERROR;
				GCC_WARN_UNDECLARED_SELECTOR = YES;
				GCC_WARN_UNINITIALIZED_AUTOS = YES_AGGRESSIVE;
				GCC_WARN_UNUSED_FUNCTION = YES;
				GCC_WARN_UNUSED_VARIABLE = YES;
				IPHONEOS_DEPLOYMENT_TARGET = 17.5;
				LOCALIZATION_PREFERS_STRING_CATALOGS = YES;
				MTL_ENABLE_DEBUG_INFO = INCLUDE_SOURCE;
				MTL_FAST_MATH = YES;
				ONLY_ACTIVE_ARCH = YES;
				SDKROOT = iphoneos;
				SWIFT_ACTIVE_COMPILATION_CONDITIONS = "DEBUG $(inherited)";
				SWIFT_OPTIMIZATION_LEVEL = "-Onone";
			};
			name = Debug;
		};
		E58E03EE2C06759A007FBF4B /* Release */ = {
			isa = XCBuildConfiguration;
			buildSettings = {
				ALWAYS_SEARCH_USER_PATHS = NO;
				ASSETCATALOG_COMPILER_GENERATE_SWIFT_ASSET_SYMBOL_EXTENSIONS = YES;
				CLANG_ANALYZER_NONNULL = YES;
				CLANG_ANALYZER_NUMBER_OBJECT_CONVERSION = YES_AGGRESSIVE;
				CLANG_CXX_LANGUAGE_STANDARD = "gnu++20";
				CLANG_ENABLE_MODULES = YES;
				CLANG_ENABLE_OBJC_ARC = YES;
				CLANG_ENABLE_OBJC_WEAK = YES;
				CLANG_WARN_BLOCK_CAPTURE_AUTORELEASING = YES;
				CLANG_WARN_BOOL_CONVERSION = YES;
				CLANG_WARN_COMMA = YES;
				CLANG_WARN_CONSTANT_CONVERSION = YES;
				CLANG_WARN_DEPRECATED_OBJC_IMPLEMENTATIONS = YES;
				CLANG_WARN_DIRECT_OBJC_ISA_USAGE = YES_ERROR;
				CLANG_WARN_DOCUMENTATION_COMMENTS = YES;
				CLANG_WARN_EMPTY_BODY = YES;
				CLANG_WARN_ENUM_CONVERSION = YES;
				CLANG_WARN_INFINITE_RECURSION = YES;
				CLANG_WARN_INT_CONVERSION = YES;
				CLANG_WARN_NON_LITERAL_NULL_CONVERSION = YES;
				CLANG_WARN_OBJC_IMPLICIT_RETAIN_SELF = YES;
				CLANG_WARN_OBJC_LITERAL_CONVERSION = YES;
				CLANG_WARN_OBJC_ROOT_CLASS = YES_ERROR;
				CLANG_WARN_QUOTED_INCLUDE_IN_FRAMEWORK_HEADER = YES;
				CLANG_WARN_RANGE_LOOP_ANALYSIS = YES;
				CLANG_WARN_STRICT_PROTOTYPES = YES;
				CLANG_WARN_SUSPICIOUS_MOVE = YES;
				CLANG_WARN_UNGUARDED_AVAILABILITY = YES_AGGRESSIVE;
				CLANG_WARN_UNREACHABLE_CODE = YES;
				CLANG_WARN__DUPLICATE_METHOD_MATCH = YES;
				COPY_PHASE_STRIP = NO;
				DEBUG_INFORMATION_FORMAT = "dwarf-with-dsym";
				ENABLE_NS_ASSERTIONS = NO;
				ENABLE_STRICT_OBJC_MSGSEND = YES;
				ENABLE_USER_SCRIPT_SANDBOXING = YES;
				GCC_C_LANGUAGE_STANDARD = gnu17;
				GCC_NO_COMMON_BLOCKS = YES;
				GCC_WARN_64_TO_32_BIT_CONVERSION = YES;
				GCC_WARN_ABOUT_RETURN_TYPE = YES_ERROR;
				GCC_WARN_UNDECLARED_SELECTOR = YES;
				GCC_WARN_UNINITIALIZED_AUTOS = YES_AGGRESSIVE;
				GCC_WARN_UNUSED_FUNCTION = YES;
				GCC_WARN_UNUSED_VARIABLE = YES;
				IPHONEOS_DEPLOYMENT_TARGET = 17.5;
				LOCALIZATION_PREFERS_STRING_CATALOGS = YES;
				MTL_ENABLE_DEBUG_INFO = NO;
				MTL_FAST_MATH = YES;
				SDKROOT = iphoneos;
				SWIFT_COMPILATION_MODE = wholemodule;
				VALIDATE_PRODUCT = YES;
			};
			name = Release;
		};
		E58E03F02C06759A007FBF4B /* Debug */ = {
			isa = XCBuildConfiguration;
			buildSettings = {
				ASSETCATALOG_COMPILER_APPICON_NAME = AppIcon;
				ASSETCATALOG_COMPILER_GLOBAL_ACCENT_COLOR_NAME = AccentColor;
				CODE_SIGN_STYLE = Automatic;
				CURRENT_PROJECT_VERSION = 1;
				DEVELOPMENT_TEAM = 3RMT2463FA;
				GENERATE_INFOPLIST_FILE = YES;
				INFOPLIST_FILE = Spotify/Info.plist;
				INFOPLIST_KEY_UIApplicationSupportsIndirectInputEvents = YES;
				INFOPLIST_KEY_UILaunchStoryboardName = LaunchScreen;
				INFOPLIST_KEY_UISupportedInterfaceOrientations_iPad = "UIInterfaceOrientationPortrait UIInterfaceOrientationPortraitUpsideDown UIInterfaceOrientationLandscapeLeft UIInterfaceOrientationLandscapeRight";
				INFOPLIST_KEY_UISupportedInterfaceOrientations_iPhone = "UIInterfaceOrientationPortrait UIInterfaceOrientationLandscapeLeft UIInterfaceOrientationLandscapeRight";
				LD_RUNPATH_SEARCH_PATHS = (
					"$(inherited)",
					"@executable_path/Frameworks",
				);
				MARKETING_VERSION = 1.0;
				PRODUCT_BUNDLE_IDENTIFIER = amrelfiqi.Spotify;
				PRODUCT_NAME = "$(TARGET_NAME)";
				SWIFT_EMIT_LOC_STRINGS = YES;
				SWIFT_VERSION = 5.0;
				TARGETED_DEVICE_FAMILY = "1,2";
			};
			name = Debug;
		};
		E58E03F12C06759A007FBF4B /* Release */ = {
			isa = XCBuildConfiguration;
			buildSettings = {
				ASSETCATALOG_COMPILER_APPICON_NAME = AppIcon;
				ASSETCATALOG_COMPILER_GLOBAL_ACCENT_COLOR_NAME = AccentColor;
				CODE_SIGN_STYLE = Automatic;
				CURRENT_PROJECT_VERSION = 1;
				DEVELOPMENT_TEAM = 3RMT2463FA;
				GENERATE_INFOPLIST_FILE = YES;
				INFOPLIST_FILE = Spotify/Info.plist;
				INFOPLIST_KEY_UIApplicationSupportsIndirectInputEvents = YES;
				INFOPLIST_KEY_UILaunchStoryboardName = LaunchScreen;
				INFOPLIST_KEY_UISupportedInterfaceOrientations_iPad = "UIInterfaceOrientationPortrait UIInterfaceOrientationPortraitUpsideDown UIInterfaceOrientationLandscapeLeft UIInterfaceOrientationLandscapeRight";
				INFOPLIST_KEY_UISupportedInterfaceOrientations_iPhone = "UIInterfaceOrientationPortrait UIInterfaceOrientationLandscapeLeft UIInterfaceOrientationLandscapeRight";
				LD_RUNPATH_SEARCH_PATHS = (
					"$(inherited)",
					"@executable_path/Frameworks",
				);
				MARKETING_VERSION = 1.0;
				PRODUCT_BUNDLE_IDENTIFIER = amrelfiqi.Spotify;
				PRODUCT_NAME = "$(TARGET_NAME)";
				SWIFT_EMIT_LOC_STRINGS = YES;
				SWIFT_VERSION = 5.0;
				TARGETED_DEVICE_FAMILY = "1,2";
			};
			name = Release;
		};
/* End XCBuildConfiguration section */

/* Begin XCConfigurationList section */
		E58E03D62C067599007FBF4B /* Build configuration list for PBXProject "Spotify" */ = {
			isa = XCConfigurationList;
			buildConfigurations = (
				E58E03ED2C06759A007FBF4B /* Debug */,
				E58E03EE2C06759A007FBF4B /* Release */,
			);
			defaultConfigurationIsVisible = 0;
			defaultConfigurationName = Release;
		};
		E58E03EF2C06759A007FBF4B /* Build configuration list for PBXNativeTarget "Spotify" */ = {
			isa = XCConfigurationList;
			buildConfigurations = (
				E58E03F02C06759A007FBF4B /* Debug */,
				E58E03F12C06759A007FBF4B /* Release */,
			);
			defaultConfigurationIsVisible = 0;
			defaultConfigurationName = Release;
		};
/* End XCConfigurationList section */
	};
	rootObject = E58E03D32C067599007FBF4B /* Project object */;
}
